
Microsoft Visual Studio Solution File, Format Version 12.00
# Visual Studio Version 17
VisualStudioVersion = 17.3.32901.215
MinimumVisualStudioVersion = 10.0.40219.1
Project("{FAE04EC0-301F-11D3-BF4B-00C04F79EFBC}") = "CalculadoraSystem.Test", "CalculadoraSystem\CalculadoraSystem.Test.csproj", "{33BF3198-7AB8-4F31-AB4D-14913B9686F9}"
EndProject
Project("{FAE04EC0-301F-11D3-BF4B-00C04F79EFBC}") = "SystemCalculadora", "SystemCalculadora\SystemCalculadora.csproj", "{69ACAC49-1B81-4773-BA68-BB78A7D1F5DD}"
EndProject
Global
	GlobalSection(SolutionConfigurationPlatforms) = preSolution
		Debug|Any CPU = Debug|Any CPU
		Release|Any CPU = Release|Any CPU
	EndGlobalSection
	GlobalSection(ProjectConfigurationPlatforms) = postSolution
		{33BF3198-7AB8-4F31-AB4D-14913B9686F9}.Debug|Any CPU.ActiveCfg = Debug|Any CPU
		{33BF3198-7AB8-4F31-AB4D-14913B9686F9}.Debug|Any CPU.Build.0 = Debug|Any CPU
		{33BF3198-7AB8-4F31-AB4D-14913B9686F9}.Release|Any CPU.ActiveCfg = Release|Any CPU
		{33BF3198-7AB8-4F31-AB4D-14913B9686F9}.Release|Any CPU.Build.0 = Release|Any CPU
		{69ACAC49-1B81-4773-BA68-BB78A7D1F5DD}.Debug|Any CPU.ActiveCfg = Debug|Any CPU
		{69ACAC49-1B81-4773-BA68-BB78A7D1F5DD}.Debug|Any CPU.Build.0 = Debug|Any CPU
		{69ACAC49-1B81-4773-BA68-BB78A7D1F5DD}.Release|Any CPU.ActiveCfg = Release|Any CPU
		{69ACAC49-1B81-4773-BA68-BB78A7D1F5DD}.Release|Any CPU.Build.0 = Release|Any CPU
	EndGlobalSection
	GlobalSection(SolutionProperties) = preSolution
		HideSolutionNode = FALSE
	EndGlobalSection
	GlobalSection(ExtensibilityGlobals) = postSolution
		SolutionGuid = {D92A61A1-7D98-421C-845A-DFD8E2A9B4FB}
	EndGlobalSection
EndGlobal
